
Microsoft Visual Studio Solution File, Format Version 12.00
# Visual Studio Version 17
VisualStudioVersion = 17.3.32929.385
MinimumVisualStudioVersion = 10.0.40219.1
Project("{FAE04EC0-301F-11D3-BF4B-00C04F79EFBC}") = "method overload", "method overload.csproj", "{B90D2182-AAED-4FDA-BA1C-0CDD73AB8E40}"
EndProject
Global
	GlobalSection(SolutionConfigurationPlatforms) = preSolution
		Debug|Any CPU = Debug|Any CPU
		Release|Any CPU = Release|Any CPU
	EndGlobalSection
	GlobalSection(ProjectConfigurationPlatforms) = postSolution
		{B90D2182-AAED-4FDA-BA1C-0CDD73AB8E40}.Debug|Any CPU.ActiveCfg = Debug|Any CPU
		{B90D2182-AAED-4FDA-BA1C-0CDD73AB8E40}.Debug|Any CPU.Build.0 = Debug|Any CPU
		{B90D2182-AAED-4FDA-BA1C-0CDD73AB8E40}.Release|Any CPU.ActiveCfg = Release|Any CPU
		{B90D2182-AAED-4FDA-BA1C-0CDD73AB8E40}.Release|Any CPU.Build.0 = Release|Any CPU
	EndGlobalSection
	GlobalSection(SolutionProperties) = preSolution
		HideSolutionNode = FALSE
	EndGlobalSection
	GlobalSection(ExtensibilityGlobals) = postSolution
		SolutionGuid = {40F02358-A838-4E78-93BF-5A5EDEDA1BA8}
	EndGlobalSection
EndGlobal
